# This file is automatically @generated by Poetry 2.1.1 and should not be changed by hand.

[[package]]
name = "gitdb"
version = "4.0.7"
description = "Git Object Database"
optional = false
python-versions = ">=3.4"
groups = ["main"]
files = [
    {file = "gitdb-4.0.7-py3-none-any.whl", hash = "sha256:6c4cc71933456991da20917998acbe6cf4fb41eeaab7d6d67fbc05ecd4c865b0"},
    {file = "gitdb-4.0.7.tar.gz", hash = "sha256:96bf5c08b157a666fec41129e6d327235284cca4c81e92109260f353ba138005"},
]

[package.dependencies]
smmap = ">=3.0.1,<5"

[[package]]
name = "gitpython"
version = "3.1.45"
description = "GitPython is a Python library used to interact with Git repositories"
optional = false
python-versions = ">=3.7"
groups = ["main"]
files = [
    {file = "gitpython-3.1.45-py3-none-any.whl", hash = "sha256:8908cb2e02fb3b93b7eb0f2827125cb699869470432cc885f019b8fd0fccff77"},
    {file = "gitpython-3.1.45.tar.gz", hash = "sha256:85b0ee964ceddf211c41b9f27a49086010a190fd8132a24e21f362a4b36a791c"},
]

[package.dependencies]
gitdb = ">=4.0.1,<5"
typing-extensions = {version = ">=3.10.0.2", markers = "python_version < \"3.10\""}

[package.extras]
doc = ["sphinx (>=7.1.2,<7.2)", "sphinx-autodoc-typehints", "sphinx_rtd_theme"]
test = ["coverage[toml]", "ddt (>=1.1.1,!=1.4.3)", "mock ; python_version < \"3.8\"", "mypy", "pre-commit", "pytest (>=7.3.1)", "pytest-cov", "pytest-instafail", "pytest-mock", "pytest-sugar", "typing-extensions ; python_version < \"3.11\""]

[[package]]
name = "smmap"
version = "4.0.0"
description = "A pure Python implementation of a sliding window memory map manager"
optional = false
python-versions = ">=3.5"
groups = ["main"]
files = [
    {file = "smmap-4.0.0-py2.py3-none-any.whl", hash = "sha256:a9a7479e4c572e2e775c404dcd3080c8dc49f39918c2cf74913d30c4c478e3c2"},
    {file = "smmap-4.0.0.tar.gz", hash = "sha256:7e65386bd122d45405ddf795637b7f7d2b532e7e401d46bbe3fb49b9986d5182"},
]

[[package]]
name = "typing-extensions"
version = "4.13.2"
description = "Backported and Experimental Type Hints for Python 3.8+"
optional = false
python-versions = ">=3.8"
groups = ["main"]
markers = "python_version < \"3.10\""
files = [
    {file = "typing_extensions-4.13.2-py3-none-any.whl", hash = "sha256:a439e7c04b49fec3e5d3e2beaa21755cadbbdc391694e28ccdd36ca4a1408f8c"},
    {file = "typing_extensions-4.13.2.tar.gz", hash = "sha256:e6c81219bd689f51865d9e372991c540bda33a0379d5573cddb9a3a23f7caaef"},
]

[metadata]
lock-version = "2.1"
python-versions = "^3.8"
content-hash = "93c1716e04322fb2f00da41e756da8bd2f7c22b4f84df0e4c7bae583395c5aef"
